
Microsoft Visual Studio Solution File, Format Version 12.00
# Visual Studio Version 17
VisualStudioVersion = 17.13.35825.156
MinimumVisualStudioVersion = 10.0.40219.1
Project("{FAE04EC0-301F-11D3-BF4B-00C04F79EFBC}") = "IdentityProvider", "IdentityProvider\IdentityProvider.csproj", "{9E9C6B93-2840-40EA-ACBC-783F860B3BE0}"
EndProject
Project("{2150E333-8FDC-42A3-9474-1A3956D46DE8}") = "Identity", "Identity", "{226A8855-3596-429B-B79C-C2214C75BB8A}"
EndProject
Project("{2150E333-8FDC-42A3-9474-1A3956D46DE8}") = "Models", "Models", "{02EA681E-C7D8-13C7-8484-4AC65E1B71E8}"
EndProject
Project("{FAE04EC0-301F-11D3-BF4B-00C04F79EFBC}") = "Identity.Model", "Models\Identity.Model\Identity.Model.csproj", "{9115A7F5-C1FB-4F89-BC43-96A8DFDC5E78}"
EndProject
Project("{2150E333-8FDC-42A3-9474-1A3956D46DE8}") = "Generic", "Generic", "{F7C3836F-80D2-4F0B-8A06-82159F334D02}"
EndProject
Project("{FAE04EC0-301F-11D3-BF4B-00C04F79EFBC}") = "Common", "Generic\Common\Common.csproj", "{3C984CFF-B092-4676-AB19-175D812A276C}"
EndProject
Project("{FAE04EC0-301F-11D3-BF4B-00C04F79EFBC}") = "UnitOfWork", "Generic\UnitOfWork\UnitOfWork.csproj", "{FF287E2E-D061-40C1-8AD3-ACD3F3890958}"
EndProject
Global
	GlobalSection(SolutionConfigurationPlatforms) = preSolution
		Debug|Any CPU = Debug|Any CPU
		Release|Any CPU = Release|Any CPU
	EndGlobalSection
	GlobalSection(ProjectConfigurationPlatforms) = postSolution
		{9E9C6B93-2840-40EA-ACBC-783F860B3BE0}.Debug|Any CPU.ActiveCfg = Debug|Any CPU
		{9E9C6B93-2840-40EA-ACBC-783F860B3BE0}.Debug|Any CPU.Build.0 = Debug|Any CPU
		{9E9C6B93-2840-40EA-ACBC-783F860B3BE0}.Release|Any CPU.ActiveCfg = Release|Any CPU
		{9E9C6B93-2840-40EA-ACBC-783F860B3BE0}.Release|Any CPU.Build.0 = Release|Any CPU
		{9115A7F5-C1FB-4F89-BC43-96A8DFDC5E78}.Debug|Any CPU.ActiveCfg = Debug|Any CPU
		{9115A7F5-C1FB-4F89-BC43-96A8DFDC5E78}.Debug|Any CPU.Build.0 = Debug|Any CPU
		{9115A7F5-C1FB-4F89-BC43-96A8DFDC5E78}.Release|Any CPU.ActiveCfg = Release|Any CPU
		{9115A7F5-C1FB-4F89-BC43-96A8DFDC5E78}.Release|Any CPU.Build.0 = Release|Any CPU
		{3C984CFF-B092-4676-AB19-175D812A276C}.Debug|Any CPU.ActiveCfg = Debug|Any CPU
		{3C984CFF-B092-4676-AB19-175D812A276C}.Debug|Any CPU.Build.0 = Debug|Any CPU
		{3C984CFF-B092-4676-AB19-175D812A276C}.Release|Any CPU.ActiveCfg = Release|Any CPU
		{3C984CFF-B092-4676-AB19-175D812A276C}.Release|Any CPU.Build.0 = Release|Any CPU
		{FF287E2E-D061-40C1-8AD3-ACD3F3890958}.Debug|Any CPU.ActiveCfg = Debug|Any CPU
		{FF287E2E-D061-40C1-8AD3-ACD3F3890958}.Debug|Any CPU.Build.0 = Debug|Any CPU
		{FF287E2E-D061-40C1-8AD3-ACD3F3890958}.Release|Any CPU.ActiveCfg = Release|Any CPU
		{FF287E2E-D061-40C1-8AD3-ACD3F3890958}.Release|Any CPU.Build.0 = Release|Any CPU
	EndGlobalSection
	GlobalSection(SolutionProperties) = preSolution
		HideSolutionNode = FALSE
	EndGlobalSection
	GlobalSection(NestedProjects) = preSolution
		{9E9C6B93-2840-40EA-ACBC-783F860B3BE0} = {226A8855-3596-429B-B79C-C2214C75BB8A}
		{9115A7F5-C1FB-4F89-BC43-96A8DFDC5E78} = {02EA681E-C7D8-13C7-8484-4AC65E1B71E8}
		{3C984CFF-B092-4676-AB19-175D812A276C} = {F7C3836F-80D2-4F0B-8A06-82159F334D02}
		{FF287E2E-D061-40C1-8AD3-ACD3F3890958} = {F7C3836F-80D2-4F0B-8A06-82159F334D02}
	EndGlobalSection
	GlobalSection(ExtensibilityGlobals) = postSolution
		SolutionGuid = {7F4F60E3-E1C0-4BED-A7B4-8688C1744786}
	EndGlobalSection
EndGlobal
